// !$*UTF8*$!
{
	archiveVersion = 1;
	classes = {
	};
	objectVersion = 46;
	objects = {

/* Begin PBXBuildFile section */
		498E41D91B443081001304DB /* ExternalButtonCell.swift in Sources */ = {isa = PBXBuildFile; fileRef = 498E41D81B443081001304DB /* ExternalButtonCell.swift */; };
		498E41DB1B443DAD001304DB /* InternalButtonCell.swift in Sources */ = {isa = PBXBuildFile; fileRef = 498E41DA1B443DAD001304DB /* InternalButtonCell.swift */; };
		498E41DD1B444F52001304DB /* ToggleButton.swift in Sources */ = {isa = PBXBuildFile; fileRef = 498E41DC1B444F52001304DB /* ToggleButton.swift */; };
		498E41DF1B445B65001304DB /* ElevatorConfiguration.swift in Sources */ = {isa = PBXBuildFile; fileRef = 498E41DE1B445B65001304DB /* ElevatorConfiguration.swift */; };
		498E41E11B447221001304DB /* ElevatorManager.swift in Sources */ = {isa = PBXBuildFile; fileRef = 498E41E01B447221001304DB /* ElevatorManager.swift */; };
		498E41E61B44FD33001304DB /* FloorRequest.swift in Sources */ = {isa = PBXBuildFile; fileRef = 498E41E51B44FD33001304DB /* FloorRequest.swift */; };
		498E41E81B44FD54001304DB /* RequestBin.swift in Sources */ = {isa = PBXBuildFile; fileRef = 498E41E71B44FD54001304DB /* RequestBin.swift */; };
		49D018431B43BF1800A374A2 /* AppDelegate.swift in Sources */ = {isa = PBXBuildFile; fileRef = 49D018421B43BF1800A374A2 /* AppDelegate.swift */; };
		49D018451B43BF1800A374A2 /* ViewController.swift in Sources */ = {isa = PBXBuildFile; fileRef = 49D018441B43BF1800A374A2 /* ViewController.swift */; };
		49D018481B43BF1800A374A2 /* Main.storyboard in Resources */ = {isa = PBXBuildFile; fileRef = 49D018461B43BF1800A374A2 /* Main.storyboard */; };
		49D0184A1B43BF1800A374A2 /* Images.xcassets in Resources */ = {isa = PBXBuildFile; fileRef = 49D018491B43BF1800A374A2 /* Images.xcassets */; };
		49D0184D1B43BF1800A374A2 /* LaunchScreen.xib in Resources */ = {isa = PBXBuildFile; fileRef = 49D0184B1B43BF1800A374A2 /* LaunchScreen.xib */; };
		49D018591B43BF1800A374A2 /* ElevatorTests.swift in Sources */ = {isa = PBXBuildFile; fileRef = 49D018581B43BF1800A374A2 /* ElevatorTests.swift */; };
		49D018631B43C35500A374A2 /* SettingsViewController.swift in Sources */ = {isa = PBXBuildFile; fileRef = 49D018621B43C35500A374A2 /* SettingsViewController.swift */; };
		49D1B0431B45AE3600447577 /* ElevatorDoorView.swift in Sources */ = {isa = PBXBuildFile; fileRef = 49D1B0421B45AE3600447577 /* ElevatorDoorView.swift */; };
		64CD000E8CE153355B80217E /* libPods.a in Frameworks */ = {isa = PBXBuildFile; fileRef = AD31CD5750349E7F1E8025F0 /* libPods.a */; };
/* End PBXBuildFile section */

/* Begin PBXContainerItemProxy section */
		49D018531B43BF1800A374A2 /* PBXContainerItemProxy */ = {
			isa = PBXContainerItemProxy;
			containerPortal = 49D018351B43BF1800A374A2 /* Project object */;
			proxyType = 1;
			remoteGlobalIDString = 49D0183C1B43BF1800A374A2;
			remoteInfo = Elevator;
		};
/* End PBXContainerItemProxy section */

/* Begin PBXFileReference section */
		3563956AC2020F8B30C2E6D8 /* Pods.release.xcconfig */ = {isa = PBXFileReference; includeInIndex = 1; lastKnownFileType = text.xcconfig; name = Pods.release.xcconfig; path = "Pods/Target Support Files/Pods/Pods.release.xcconfig"; sourceTree = "<group>"; };
		498E41D81B443081001304DB /* ExternalButtonCell.swift */ = {isa = PBXFileReference; fileEncoding = 4; lastKnownFileType = sourcecode.swift; path = ExternalButtonCell.swift; sourceTree = "<group>"; };
		498E41DA1B443DAD001304DB /* InternalButtonCell.swift */ = {isa = PBXFileReference; fileEncoding = 4; lastKnownFileType = sourcecode.swift; path = InternalButtonCell.swift; sourceTree = "<group>"; };
		498E41DC1B444F52001304DB /* ToggleButton.swift */ = {isa = PBXFileReference; fileEncoding = 4; lastKnownFileType = sourcecode.swift; path = ToggleButton.swift; sourceTree = "<group>"; };
		498E41DE1B445B65001304DB /* ElevatorConfiguration.swift */ = {isa = PBXFileReference; fileEncoding = 4; lastKnownFileType = sourcecode.swift; path = ElevatorConfiguration.swift; sourceTree = "<group>"; };
		498E41E01B447221001304DB /* ElevatorManager.swift */ = {isa = PBXFileReference; fileEncoding = 4; lastKnownFileType = sourcecode.swift; path = ElevatorManager.swift; sourceTree = "<group>"; };
		498E41E51B44FD33001304DB /* FloorRequest.swift */ = {isa = PBXFileReference; fileEncoding = 4; lastKnownFileType = sourcecode.swift; path = FloorRequest.swift; sourceTree = "<group>"; };
		498E41E71B44FD54001304DB /* RequestBin.swift */ = {isa = PBXFileReference; fileEncoding = 4; lastKnownFileType = sourcecode.swift; path = RequestBin.swift; sourceTree = "<group>"; };
		49D0183D1B43BF1800A374A2 /* Elevator.app */ = {isa = PBXFileReference; explicitFileType = wrapper.application; includeInIndex = 0; path = Elevator.app; sourceTree = BUILT_PRODUCTS_DIR; };
		49D018411B43BF1800A374A2 /* Info.plist */ = {isa = PBXFileReference; lastKnownFileType = text.plist.xml; path = Info.plist; sourceTree = "<group>"; };
		49D018421B43BF1800A374A2 /* AppDelegate.swift */ = {isa = PBXFileReference; lastKnownFileType = sourcecode.swift; path = AppDelegate.swift; sourceTree = "<group>"; };
		49D018441B43BF1800A374A2 /* ViewController.swift */ = {isa = PBXFileReference; lastKnownFileType = sourcecode.swift; path = ViewController.swift; sourceTree = "<group>"; };
		49D018471B43BF1800A374A2 /* Base */ = {isa = PBXFileReference; lastKnownFileType = file.storyboard; name = Base; path = Base.lproj/Main.storyboard; sourceTree = "<group>"; };
		49D018491B43BF1800A374A2 /* Images.xcassets */ = {isa = PBXFileReference; lastKnownFileType = folder.assetcatalog; path = Images.xcassets; sourceTree = "<group>"; };
		49D0184C1B43BF1800A374A2 /* Base */ = {isa = PBXFileReference; lastKnownFileType = file.xib; name = Base; path = Base.lproj/LaunchScreen.xib; sourceTree = "<group>"; };
		49D018521B43BF1800A374A2 /* ElevatorTests.xctest */ = {isa = PBXFileReference; explicitFileType = wrapper.cfbundle; includeInIndex = 0; path = ElevatorTests.xctest; sourceTree = BUILT_PRODUCTS_DIR; };
		49D018571B43BF1800A374A2 /* Info.plist */ = {isa = PBXFileReference; lastKnownFileType = text.plist.xml; path = Info.plist; sourceTree = "<group>"; };
		49D018581B43BF1800A374A2 /* ElevatorTests.swift */ = {isa = PBXFileReference; lastKnownFileType = sourcecode.swift; path = ElevatorTests.swift; sourceTree = "<group>"; };
		49D018621B43C35500A374A2 /* SettingsViewController.swift */ = {isa = PBXFileReference; fileEncoding = 4; lastKnownFileType = sourcecode.swift; path = SettingsViewController.swift; sourceTree = "<group>"; };
		49D018641B43C38800A374A2 /* Elevator-Bridging-Header.h */ = {isa = PBXFileReference; lastKnownFileType = sourcecode.c.h; path = "Elevator-Bridging-Header.h"; sourceTree = "<group>"; };
		49D1B0421B45AE3600447577 /* ElevatorDoorView.swift */ = {isa = PBXFileReference; fileEncoding = 4; lastKnownFileType = sourcecode.swift; path = ElevatorDoorView.swift; sourceTree = "<group>"; };
		6FCEAEA7FB95BB44FB8AD9E6 /* Pods.debug.xcconfig */ = {isa = PBXFileReference; includeInIndex = 1; lastKnownFileType = text.xcconfig; name = Pods.debug.xcconfig; path = "Pods/Target Support Files/Pods/Pods.debug.xcconfig"; sourceTree = "<group>"; };
		AD31CD5750349E7F1E8025F0 /* libPods.a */ = {isa = PBXFileReference; explicitFileType = archive.ar; includeInIndex = 0; path = libPods.a; sourceTree = BUILT_PRODUCTS_DIR; };
/* End PBXFileReference section */

/* Begin PBXFrameworksBuildPhase section */
		49D0183A1B43BF1800A374A2 /* Frameworks */ = {
			isa = PBXFrameworksBuildPhase;
			buildActionMask = 2147483647;
			files = (
				64CD000E8CE153355B80217E /* libPods.a in Frameworks */,
			);
			runOnlyForDeploymentPostprocessing = 0;
		};
		49D0184F1B43BF1800A374A2 /* Frameworks */ = {
			isa = PBXFrameworksBuildPhase;
			buildActionMask = 2147483647;
			files = (
			);
			runOnlyForDeploymentPostprocessing = 0;
		};
/* End PBXFrameworksBuildPhase section */

/* Begin PBXGroup section */
		498E41E21B44F577001304DB /* ViewController Classes */ = {
			isa = PBXGroup;
			children = (
				49D018441B43BF1800A374A2 /* ViewController.swift */,
				49D018621B43C35500A374A2 /* SettingsViewController.swift */,
			);
			name = "ViewController Classes";
			sourceTree = "<group>";
		};
		498E41E31B44F694001304DB /* View Classes */ = {
			isa = PBXGroup;
			children = (
				498E41DA1B443DAD001304DB /* InternalButtonCell.swift */,
				498E41D81B443081001304DB /* ExternalButtonCell.swift */,
				498E41DC1B444F52001304DB /* ToggleButton.swift */,
				49D1B0421B45AE3600447577 /* ElevatorDoorView.swift */,
			);
			name = "View Classes";
			sourceTree = "<group>";
		};
		498E41E41B44FCDD001304DB /* Manager Class */ = {
			isa = PBXGroup;
			children = (
				498E41DE1B445B65001304DB /* ElevatorConfiguration.swift */,
				498E41E01B447221001304DB /* ElevatorManager.swift */,
				498E41E51B44FD33001304DB /* FloorRequest.swift */,
				498E41E71B44FD54001304DB /* RequestBin.swift */,
			);
			name = "Manager Class";
			sourceTree = "<group>";
		};
		49D018341B43BF1800A374A2 = {
			isa = PBXGroup;
			children = (
				49D0183F1B43BF1800A374A2 /* Elevator */,
				49D018551B43BF1800A374A2 /* ElevatorTests */,
				49D0183E1B43BF1800A374A2 /* Products */,
				717FC938B210DF963F7CC0C1 /* Pods */,
				BED5FEB3EE72C4B2F96DA9F3 /* Frameworks */,
			);
			sourceTree = "<group>";
		};
		49D0183E1B43BF1800A374A2 /* Products */ = {
			isa = PBXGroup;
			children = (
				49D0183D1B43BF1800A374A2 /* Elevator.app */,
				49D018521B43BF1800A374A2 /* ElevatorTests.xctest */,
			);
			name = Products;
			sourceTree = "<group>";
		};
		49D0183F1B43BF1800A374A2 /* Elevator */ = {
			isa = PBXGroup;
			children = (
				49D018421B43BF1800A374A2 /* AppDelegate.swift */,
				49D018461B43BF1800A374A2 /* Main.storyboard */,
				498E41E21B44F577001304DB /* ViewController Classes */,
				498E41E41B44FCDD001304DB /* Manager Class */,
				498E41E31B44F694001304DB /* View Classes */,
				49D018491B43BF1800A374A2 /* Images.xcassets */,
				49D0184B1B43BF1800A374A2 /* LaunchScreen.xib */,
				49D018401B43BF1800A374A2 /* Supporting Files */,
			);
			path = Elevator;
			sourceTree = "<group>";
		};
		49D018401B43BF1800A374A2 /* Supporting Files */ = {
			isa = PBXGroup;
			children = (
				49D018411B43BF1800A374A2 /* Info.plist */,
				49D018641B43C38800A374A2 /* Elevator-Bridging-Header.h */,
			);
			name = "Supporting Files";
			sourceTree = "<group>";
		};
		49D018551B43BF1800A374A2 /* ElevatorTests */ = {
			isa = PBXGroup;
			children = (
				49D018581B43BF1800A374A2 /* ElevatorTests.swift */,
				49D018561B43BF1800A374A2 /* Supporting Files */,
			);
			path = ElevatorTests;
			sourceTree = "<group>";
		};
		49D018561B43BF1800A374A2 /* Supporting Files */ = {
			isa = PBXGroup;
			children = (
				49D018571B43BF1800A374A2 /* Info.plist */,
			);
			name = "Supporting Files";
			sourceTree = "<group>";
		};
		717FC938B210DF963F7CC0C1 /* Pods */ = {
			isa = PBXGroup;
			children = (
				6FCEAEA7FB95BB44FB8AD9E6 /* Pods.debug.xcconfig */,
				3563956AC2020F8B30C2E6D8 /* Pods.release.xcconfig */,
			);
			name = Pods;
			sourceTree = "<group>";
		};
		BED5FEB3EE72C4B2F96DA9F3 /* Frameworks */ = {
			isa = PBXGroup;
			children = (
				AD31CD5750349E7F1E8025F0 /* libPods.a */,
			);
			name = Frameworks;
			sourceTree = "<group>";
		};
/* End PBXGroup section */

/* Begin PBXNativeTarget section */
		49D0183C1B43BF1800A374A2 /* Elevator */ = {
			isa = PBXNativeTarget;
			buildConfigurationList = 49D0185C1B43BF1800A374A2 /* Build configuration list for PBXNativeTarget "Elevator" */;
			buildPhases = (
				8AAF80719A14CA56914B2785 /* Check Pods Manifest.lock */,
				49D018391B43BF1800A374A2 /* Sources */,
				49D0183A1B43BF1800A374A2 /* Frameworks */,
				49D0183B1B43BF1800A374A2 /* Resources */,
				7827A839C6A826864C22924D /* Copy Pods Resources */,
			);
			buildRules = (
			);
			dependencies = (
			);
			name = Elevator;
			productName = Elevator;
			productReference = 49D0183D1B43BF1800A374A2 /* Elevator.app */;
			productType = "com.apple.product-type.application";
		};
		49D018511B43BF1800A374A2 /* ElevatorTests */ = {
			isa = PBXNativeTarget;
			buildConfigurationList = 49D0185F1B43BF1800A374A2 /* Build configuration list for PBXNativeTarget "ElevatorTests" */;
			buildPhases = (
				49D0184E1B43BF1800A374A2 /* Sources */,
				49D0184F1B43BF1800A374A2 /* Frameworks */,
				49D018501B43BF1800A374A2 /* Resources */,
			);
			buildRules = (
			);
			dependencies = (
				49D018541B43BF1800A374A2 /* PBXTargetDependency */,
			);
			name = ElevatorTests;
			productName = ElevatorTests;
			productReference = 49D018521B43BF1800A374A2 /* ElevatorTests.xctest */;
			productType = "com.apple.product-type.bundle.unit-test";
		};
/* End PBXNativeTarget section */

/* Begin PBXProject section */
		49D018351B43BF1800A374A2 /* Project object */ = {
			isa = PBXProject;
			attributes = {
				LastUpgradeCheck = 0630;
				ORGANIZATIONNAME = "Jack Hutchinson";
				TargetAttributes = {
					49D0183C1B43BF1800A374A2 = {
						CreatedOnToolsVersion = 6.3.1;
					};
					49D018511B43BF1800A374A2 = {
						CreatedOnToolsVersion = 6.3.1;
						TestTargetID = 49D0183C1B43BF1800A374A2;
					};
				};
			};
			buildConfigurationList = 49D018381B43BF1800A374A2 /* Build configuration list for PBXProject "Elevator" */;
			compatibilityVersion = "Xcode 3.2";
			developmentRegion = English;
			hasScannedForEncodings = 0;
			knownRegions = (
				en,
				Base,
			);
			mainGroup = 49D018341B43BF1800A374A2;
			productRefGroup = 49D0183E1B43BF1800A374A2 /* Products */;
			projectDirPath = "";
			projectRoot = "";
			targets = (
				49D0183C1B43BF1800A374A2 /* Elevator */,
				49D018511B43BF1800A374A2 /* ElevatorTests */,
			);
		};
/* End PBXProject section */

/* Begin PBXResourcesBuildPhase section */
		49D0183B1B43BF1800A374A2 /* Resources */ = {
			isa = PBXResourcesBuildPhase;
			buildActionMask = 2147483647;
			files = (
				49D018481B43BF1800A374A2 /* Main.storyboard in Resources */,
				49D0184D1B43BF1800A374A2 /* LaunchScreen.xib in Resources */,
				49D0184A1B43BF1800A374A2 /* Images.xcassets in Resources */,
			);
			runOnlyForDeploymentPostprocessing = 0;
		};
		49D018501B43BF1800A374A2 /* Resources */ = {
			isa = PBXResourcesBuildPhase;
			buildActionMask = 2147483647;
			files = (
			);
			runOnlyForDeploymentPostprocessing = 0;
		};
/* End PBXResourcesBuildPhase section */

/* Begin PBXShellScriptBuildPhase section */
		7827A839C6A826864C22924D /* Copy Pods Resources */ = {
			isa = PBXShellScriptBuildPhase;
			buildActionMask = 2147483647;
			files = (
			);
			inputPaths = (
			);
			name = "Copy Pods Resources";
			outputPaths = (
			);
			runOnlyForDeploymentPostprocessing = 0;
			shellPath = /bin/sh;
			shellScript = "\"${SRCROOT}/Pods/Target Support Files/Pods/Pods-resources.sh\"\n";
			showEnvVarsInLog = 0;
		};
		8AAF80719A14CA56914B2785 /* Check Pods Manifest.lock */ = {
			isa = PBXShellScriptBuildPhase;
			buildActionMask = 2147483647;
			files = (
			);
			inputPaths = (
			);
			name = "Check Pods Manifest.lock";
			outputPaths = (
			);
			runOnlyForDeploymentPostprocessing = 0;
			shellPath = /bin/sh;
			shellScript = "diff \"${PODS_ROOT}/../Podfile.lock\" \"${PODS_ROOT}/Manifest.lock\" > /dev/null\nif [[ $? != 0 ]] ; then\n    cat << EOM\nerror: The sandbox is not in sync with the Podfile.lock. Run 'pod install' or update your CocoaPods installation.\nEOM\n    exit 1\nfi\n";
			showEnvVarsInLog = 0;
		};
/* End PBXShellScriptBuildPhase section */

/* Begin PBXSourcesBuildPhase section */
		49D018391B43BF1800A374A2 /* Sources */ = {
			isa = PBXSourcesBuildPhase;
			buildActionMask = 2147483647;
			files = (
				49D018451B43BF1800A374A2 /* ViewController.swift in Sources */,
				49D1B0431B45AE3600447577 /* ElevatorDoorView.swift in Sources */,
				498E41DD1B444F52001304DB /* ToggleButton.swift in Sources */,
				498E41DB1B443DAD001304DB /* InternalButtonCell.swift in Sources */,
				49D018431B43BF1800A374A2 /* AppDelegate.swift in Sources */,
				498E41DF1B445B65001304DB /* ElevatorConfiguration.swift in Sources */,
				498E41E61B44FD33001304DB /* FloorRequest.swift in Sources */,
				498E41E11B447221001304DB /* ElevatorManager.swift in Sources */,
				498E41E81B44FD54001304DB /* RequestBin.swift in Sources */,
				498E41D91B443081001304DB /* ExternalButtonCell.swift in Sources */,
				49D018631B43C35500A374A2 /* SettingsViewController.swift in Sources */,
			);
			runOnlyForDeploymentPostprocessing = 0;
		};
		49D0184E1B43BF1800A374A2 /* Sources */ = {
			isa = PBXSourcesBuildPhase;
			buildActionMask = 2147483647;
			files = (
				49D018591B43BF1800A374A2 /* ElevatorTests.swift in Sources */,
			);
			runOnlyForDeploymentPostprocessing = 0;
		};
/* End PBXSourcesBuildPhase section */

/* Begin PBXTargetDependency section */
		49D018541B43BF1800A374A2 /* PBXTargetDependency */ = {
			isa = PBXTargetDependency;
			target = 49D0183C1B43BF1800A374A2 /* Elevator */;
			targetProxy = 49D018531B43BF1800A374A2 /* PBXContainerItemProxy */;
		};
/* End PBXTargetDependency section */

/* Begin PBXVariantGroup section */
		49D018461B43BF1800A374A2 /* Main.storyboard */ = {
			isa = PBXVariantGroup;
			children = (
				49D018471B43BF1800A374A2 /* Base */,
			);
			name = Main.storyboard;
			sourceTree = "<group>";
		};
		49D0184B1B43BF1800A374A2 /* LaunchScreen.xib */ = {
			isa = PBXVariantGroup;
			children = (
				49D0184C1B43BF1800A374A2 /* Base */,
			);
			name = LaunchScreen.xib;
			sourceTree = "<group>";
		};
/* End PBXVariantGroup section */

/* Begin XCBuildConfiguration section */
		49D0185A1B43BF1800A374A2 /* Debug */ = {
			isa = XCBuildConfiguration;
			buildSettings = {
				ALWAYS_SEARCH_USER_PATHS = NO;
				CLANG_CXX_LANGUAGE_STANDARD = "gnu++0x";
				CLANG_CXX_LIBRARY = "libc++";
				CLANG_ENABLE_MODULES = YES;
				CLANG_ENABLE_OBJC_ARC = YES;
				CLANG_WARN_BOOL_CONVERSION = YES;
				CLANG_WARN_CONSTANT_CONVERSION = YES;
				CLANG_WARN_DIRECT_OBJC_ISA_USAGE = YES_ERROR;
				CLANG_WARN_EMPTY_BODY = YES;
				CLANG_WARN_ENUM_CONVERSION = YES;
				CLANG_WARN_INT_CONVERSION = YES;
				CLANG_WARN_OBJC_ROOT_CLASS = YES_ERROR;
				CLANG_WARN_UNREACHABLE_CODE = YES;
				CLANG_WARN__DUPLICATE_METHOD_MATCH = YES;
				"CODE_SIGN_IDENTITY[sdk=iphoneos*]" = "iPhone Developer";
				COPY_PHASE_STRIP = NO;
				DEBUG_INFORMATION_FORMAT = "dwarf-with-dsym";
				ENABLE_STRICT_OBJC_MSGSEND = YES;
				GCC_C_LANGUAGE_STANDARD = gnu99;
				GCC_DYNAMIC_NO_PIC = NO;
				GCC_NO_COMMON_BLOCKS = YES;
				GCC_OPTIMIZATION_LEVEL = 0;
				GCC_PREPROCESSOR_DEFINITIONS = (
					"DEBUG=1",
					"$(inherited)",
				);
				GCC_SYMBOLS_PRIVATE_EXTERN = NO;
				GCC_WARN_64_TO_32_BIT_CONVERSION = YES;
				GCC_WARN_ABOUT_RETURN_TYPE = YES_ERROR;
				GCC_WARN_UNDECLARED_SELECTOR = YES;
				GCC_WARN_UNINITIALIZED_AUTOS = YES_AGGRESSIVE;
				GCC_WARN_UNUSED_FUNCTION = YES;
				GCC_WARN_UNUSED_VARIABLE = YES;
				IPHONEOS_DEPLOYMENT_TARGET = 8.3;
				MTL_ENABLE_DEBUG_INFO = YES;
				ONLY_ACTIVE_ARCH = YES;
				SDKROOT = iphoneos;
				SWIFT_OPTIMIZATION_LEVEL = "-Onone";
			};
			name = Debug;
		};
		49D0185B1B43BF1800A374A2 /* Release */ = {
			isa = XCBuildConfiguration;
			buildSettings = {
				ALWAYS_SEARCH_USER_PATHS = NO;
				CLANG_CXX_LANGUAGE_STANDARD = "gnu++0x";
				CLANG_CXX_LIBRARY = "libc++";
				CLANG_ENABLE_MODULES = YES;
				CLANG_ENABLE_OBJC_ARC = YES;
				CLANG_WARN_BOOL_CONVERSION = YES;
				CLANG_WARN_CONSTANT_CONVERSION = YES;
				CLANG_WARN_DIRECT_OBJC_ISA_USAGE = YES_ERROR;
				CLANG_WARN_EMPTY_BODY = YES;
				CLANG_WARN_ENUM_CONVERSION = YES;
				CLANG_WARN_INT_CONVERSION = YES;
				CLANG_WARN_OBJC_ROOT_CLASS = YES_ERROR;
				CLANG_WARN_UNREACHABLE_CODE = YES;
				CLANG_WARN__DUPLICATE_METHOD_MATCH = YES;
				"CODE_SIGN_IDENTITY[sdk=iphoneos*]" = "iPhone Developer";
				COPY_PHASE_STRIP = NO;
				DEBUG_INFORMATION_FORMAT = "dwarf-with-dsym";
				ENABLE_NS_ASSERTIONS = NO;
				ENABLE_STRICT_OBJC_MSGSEND = YES;
				GCC_C_LANGUAGE_STANDARD = gnu99;
				GCC_NO_COMMON_BLOCKS = YES;
				GCC_WARN_64_TO_32_BIT_CONVERSION = YES;
				GCC_WARN_ABOUT_RETURN_TYPE = YES_ERROR;
				GCC_WARN_UNDECLARED_SELECTOR = YES;
				GCC_WARN_UNINITIALIZED_AUTOS = YES_AGGRESSIVE;
				GCC_WARN_UNUSED_FUNCTION = YES;
				GCC_WARN_UNUSED_VARIABLE = YES;
				IPHONEOS_DEPLOYMENT_TARGET = 8.3;
				MTL_ENABLE_DEBUG_INFO = NO;
				SDKROOT = iphoneos;
				VALIDATE_PRODUCT = YES;
			};
			name = Release;
		};
		49D0185D1B43BF1800A374A2 /* Debug */ = {
			isa = XCBuildConfiguration;
			baseConfigurationReference = 6FCEAEA7FB95BB44FB8AD9E6 /* Pods.debug.xcconfig */;
			buildSettings = {
				ASSETCATALOG_COMPILER_APPICON_NAME = AppIcon;
				CLANG_ENABLE_MODULES = YES;
				INFOPLIST_FILE = Elevator/Info.plist;
				LD_RUNPATH_SEARCH_PATHS = "$(inherited) @executable_path/Frameworks";
				PRODUCT_NAME = "$(TARGET_NAME)";
				SWIFT_OBJC_BRIDGING_HEADER = "Elevator/Elevator-Bridging-Header.h";
				SWIFT_OPTIMIZATION_LEVEL = "-Onone";
				TARGETED_DEVICE_FAMILY = "1,2";
			};
			name = Debug;
		};
		49D0185E1B43BF1800A374A2 /* Release */ = {
			isa = XCBuildConfiguration;
			baseConfigurationReference = 3563956AC2020F8B30C2E6D8 /* Pods.release.xcconfig */;
			buildSettings = {
				ASSETCATALOG_COMPILER_APPICON_NAME = AppIcon;
				CLANG_ENABLE_MODULES = YES;
				INFOPLIST_FILE = Elevator/Info.plist;
				LD_RUNPATH_SEARCH_PATHS = "$(inherited) @executable_path/Frameworks";
				PRODUCT_NAME = "$(TARGET_NAME)";
				SWIFT_OBJC_BRIDGING_HEADER = "Elevator/Elevator-Bridging-Header.h";
				TARGETED_DEVICE_FAMILY = "1,2";
			};
			name = Release;
		};
		49D018601B43BF1800A374A2 /* Debug */ = {
			isa = XCBuildConfiguration;
			buildSettings = {
				BUNDLE_LOADER = "$(TEST_HOST)";
				FRAMEWORK_SEARCH_PATHS = (
					"$(SDKROOT)/Developer/Library/Frameworks",
					"$(inherited)",
				);
				GCC_PREPROCESSOR_DEFINITIONS = (
					"DEBUG=1",
					"$(inherited)",
				);
				INFOPLIST_FILE = ElevatorTests/Info.plist;
				LD_RUNPATH_SEARCH_PATHS = "$(inherited) @executable_path/Frameworks @loader_path/Frameworks";
				PRODUCT_NAME = "$(TARGET_NAME)";
				TEST_HOST = "$(BUILT_PRODUCTS_DIR)/Elevator.app/Elevator";
			};
			name = Debug;
		};
		49D018611B43BF1800A374A2 /* Release */ = {
			isa = XCBuildConfiguration;
			buildSettings = {
				BUNDLE_LOADER = "$(TEST_HOST)";
				FRAMEWORK_SEARCH_PATHS = (
					"$(SDKROOT)/Developer/Library/Frameworks",
					"$(inherited)",
				);
				INFOPLIST_FILE = ElevatorTests/Info.plist;
				LD_RUNPATH_SEARCH_PATHS = "$(inherited) @executable_path/Frameworks @loader_path/Frameworks";
				PRODUCT_NAME = "$(TARGET_NAME)";
				TEST_HOST = "$(BUILT_PRODUCTS_DIR)/Elevator.app/Elevator";
			};
			name = Release;
		};
/* End XCBuildConfiguration section */

/* Begin XCConfigurationList section */
		49D018381B43BF1800A374A2 /* Build configuration list for PBXProject "Elevator" */ = {
			isa = XCConfigurationList;
			buildConfigurations = (
				49D0185A1B43BF1800A374A2 /* Debug */,
				49D0185B1B43BF1800A374A2 /* Release */,
			);
			defaultConfigurationIsVisible = 0;
			defaultConfigurationName = Release;
		};
		49D0185C1B43BF1800A374A2 /* Build configuration list for PBXNativeTarget "Elevator" */ = {
			isa = XCConfigurationList;
			buildConfigurations = (
				49D0185D1B43BF1800A374A2 /* Debug */,
				49D0185E1B43BF1800A374A2 /* Release */,
			);
			defaultConfigurationIsVisible = 0;
			defaultConfigurationName = Release;
		};
		49D0185F1B43BF1800A374A2 /* Build configuration list for PBXNativeTarget "ElevatorTests" */ = {
			isa = XCConfigurationList;
			buildConfigurations = (
				49D018601B43BF1800A374A2 /* Debug */,
				49D018611B43BF1800A374A2 /* Release */,
			);
			defaultConfigurationIsVisible = 0;
			defaultConfigurationName = Release;
		};
/* End XCConfigurationList section */
	};
	rootObject = 49D018351B43BF1800A374A2 /* Project object */;
}
